
Microsoft Visual Studio Solution File, Format Version 12.00
# Visual Studio 15
VisualStudioVersion = 15.0.27703.2026
MinimumVisualStudioVersion = 10.0.40219.1
Project("{FAE04EC0-301F-11D3-BF4B-00C04F79EFBC}") = "EyeOfTheTagger", "EyeOfTheTagger\EyeOfTheTagger.csproj", "{C80A9CEA-5273-4627-8A7C-41701335D0C6}"
EndProject
Project("{FAE04EC0-301F-11D3-BF4B-00C04F79EFBC}") = "EyeOfTheTaggerLib", "EyeOfTheTaggerLib\EyeOfTheTaggerLib.csproj", "{D972545C-181A-4FE7-9123-A0BF70AFFAA2}"
EndProject
Global
	GlobalSection(SolutionConfigurationPlatforms) = preSolution
		Debug|Any CPU = Debug|Any CPU
		Release|Any CPU = Release|Any CPU
	EndGlobalSection
	GlobalSection(ProjectConfigurationPlatforms) = postSolution
		{C80A9CEA-5273-4627-8A7C-41701335D0C6}.Debug|Any CPU.ActiveCfg = Debug|Any CPU
		{C80A9CEA-5273-4627-8A7C-41701335D0C6}.Debug|Any CPU.Build.0 = Debug|Any CPU
		{C80A9CEA-5273-4627-8A7C-41701335D0C6}.Release|Any CPU.ActiveCfg = Release|Any CPU
		{C80A9CEA-5273-4627-8A7C-41701335D0C6}.Release|Any CPU.Build.0 = Release|Any CPU
		{D972545C-181A-4FE7-9123-A0BF70AFFAA2}.Debug|Any CPU.ActiveCfg = Debug|Any CPU
		{D972545C-181A-4FE7-9123-A0BF70AFFAA2}.Debug|Any CPU.Build.0 = Debug|Any CPU
		{D972545C-181A-4FE7-9123-A0BF70AFFAA2}.Release|Any CPU.ActiveCfg = Release|Any CPU
		{D972545C-181A-4FE7-9123-A0BF70AFFAA2}.Release|Any CPU.Build.0 = Release|Any CPU
	EndGlobalSection
	GlobalSection(SolutionProperties) = preSolution
		HideSolutionNode = FALSE
	EndGlobalSection
	GlobalSection(ExtensibilityGlobals) = postSolution
		SolutionGuid = {A859237C-3975-4058-A509-C6A6A230A7B2}
	EndGlobalSection
EndGlobal
